
Microsoft Visual Studio Solution File, Format Version 12.00
Project("{FAE04EC0-301F-11D3-BF4B-00C04F79EFBC}") = "MosaicCRM.Core", "src\MosaicCRM.Core\MosaicCRM.Core.csproj", "{536358E3-1708-4EEA-AC26-5B5BC9C2A5B1}"
EndProject
Project("{FAE04EC0-301F-11D3-BF4B-00C04F79EFBC}") = "MosaicCrm.Generators.Core", "src\MosaicCrm.Generators.Core\MosaicCrm.Generators.Core.csproj", "{DD2FF0E7-D169-46F7-AA44-CD738817788B}"
EndProject
Project("{FAE04EC0-301F-11D3-BF4B-00C04F79EFBC}") = "MosaicCrm.Generators.Application", "src\MosaicCrm.Generators.Application\MosaicCrm.Generators.Application.csproj", "{0553BD7E-7396-424C-9655-4A889B28451D}"
EndProject
Project("{FAE04EC0-301F-11D3-BF4B-00C04F79EFBC}") = "MosaicCRM.Generators.Module", "src\MosaicCRM.Generators.Module\MosaicCRM.Generators.Module.csproj", "{8024BAB6-7A8E-4442-BACA-6ADEBB10F1A1}"
EndProject
Project("{FAE04EC0-301F-11D3-BF4B-00C04F79EFBC}") = "MosaicCRM.Domain", "src\MosaicCRM.Domain\MosaicCRM.Domain.csproj", "{AC7F7E9C-4E64-42D8-991D-6A586A7629CF}"
EndProject
Project("{FAE04EC0-301F-11D3-BF4B-00C04F79EFBC}") = "MosaicCRM.EntityFramework", "src\MosaicCRM.EntityFramework\MosaicCRM.EntityFramework.csproj", "{26674974-8397-455E-9C69-24779B4ED6CC}"
EndProject
Project("{FAE04EC0-301F-11D3-BF4B-00C04F79EFBC}") = "MosaicCRM.Core.DataAccess", "src\MosaicCRM.Core.DataAccess\MosaicCRM.Core.DataAccess.csproj", "{40C75425-A935-4A43-BB96-AD131DD0DDB5}"
EndProject
Project("{FAE04EC0-301F-11D3-BF4B-00C04F79EFBC}") = "MosaicCRM.OpenApi", "src\MosaicCRM.OpenApi\MosaicCRM.OpenApi.csproj", "{B8F1CCBC-C78E-46D2-BC85-B562A097AB5C}"
EndProject
Project("{FAE04EC0-301F-11D3-BF4B-00C04F79EFBC}") = "MosaicCRM.AspNetCore", "src\MosaicCRM.AspNetCore\MosaicCRM.AspNetCore.csproj", "{E3BA2989-5334-4D78-A188-5A5E31E27B68}"
EndProject
Project("{FAE04EC0-301F-11D3-BF4B-00C04F79EFBC}") = "MosaicCRM.Security", "src\MosaicCRM.Security\MosaicCRM.Security.csproj", "{4CEFEFEC-608E-48B3-A7FB-234B9E813C6E}"
EndProject
Project("{FAE04EC0-301F-11D3-BF4B-00C04F79EFBC}") = "MosaicCRM.Scalar", "src\MosaicCRM.Scalar\MosaicCRM.Scalar.csproj", "{FE3F1A23-1928-4487-A53B-1E31895E93D2}"
EndProject
Project("{FAE04EC0-301F-11D3-BF4B-00C04F79EFBC}") = "MosaicCRM.ObjectMapping", "src\MosaicCRM.ObjectMapping\MosaicCRM.ObjectMapping.csproj", "{49DB056F-E1CA-4081-8D1C-A49AB0E34748}"
EndProject
Project("{FAE04EC0-301F-11D3-BF4B-00C04F79EFBC}") = "MosaicCRM.ObjectMapping.Mapster", "src\MosaicCRM.ObjectMapping.Mapster\MosaicCRM.ObjectMapping.Mapster.csproj", "{76E2E77E-56F8-4D9F-B40E-1F8DFD8963A4}"
EndProject
Project("{FAE04EC0-301F-11D3-BF4B-00C04F79EFBC}") = "MosaicCRM.Specification", "src\MosaicCRM.Specification\MosaicCRM.Specification.csproj", "{A2299F0C-ACAD-4EB7-821E-D93E5D91C5D7}"
EndProject
Project("{FAE04EC0-301F-11D3-BF4B-00C04F79EFBC}") = "MosaicCRM.EntityFramework.MsSql", "src\MosaicCRM.EntityFramework.MsSql\MosaicCRM.EntityFramework.MsSql.csproj", "{F6E8F76F-7336-4B41-BA8E-D90CFD39CE60}"
EndProject
Project("{FAE04EC0-301F-11D3-BF4B-00C04F79EFBC}") = "MosaicCRM.EntityFramework.SqLite", "src\MosaicCRM.EntityFramework.SqLite\MosaicCRM.EntityFramework.SqLite.csproj", "{EEB48E1C-A69F-45F9-81A3-F0AB43B852E3}"
EndProject
Project("{FAE04EC0-301F-11D3-BF4B-00C04F79EFBC}") = "MosaicCRM.EntityFramework.MySql", "src\MosaicCRM.EntityFramework.MySql\MosaicCRM.EntityFramework.MySql.csproj", "{C449BCB2-A027-416B-A519-9F9724C16269}"
EndProject
Project("{FAE04EC0-301F-11D3-BF4B-00C04F79EFBC}") = "MosaicCRM.EntityFramework.PostgreSql", "src\MosaicCRM.EntityFramework.PostgreSql\MosaicCRM.EntityFramework.PostgreSql.csproj", "{EF0CFAF0-D7C4-4817-90FF-C9F292AA6D6F}"
EndProject
Project("{FAE04EC0-301F-11D3-BF4B-00C04F79EFBC}") = "MosaicCRM.AspNetCore.Jwt", "src\MosaicCRM.AspNetCore.Jwt\MosaicCRM.AspNetCore.Jwt.csproj", "{24E4D5B1-0EF1-4436-BD8B-DB992B444B35}"
EndProject
Project("{FAE04EC0-301F-11D3-BF4B-00C04F79EFBC}") = "MosaicCRM.Authorization.Abstractions", "src\MosaicCRM.Authorization.Abstractions\MosaicCRM.Authorization.Abstractions.csproj", "{22E0783E-9B9D-4476-AF9A-3D255F7961F4}"
EndProject
Project("{FAE04EC0-301F-11D3-BF4B-00C04F79EFBC}") = "MosaicCRM.Authorization", "src\MosaicCRM.Authorization\MosaicCRM.Authorization.csproj", "{1220EFB2-6A42-4153-8EE9-1902D59693F5}"
EndProject
Project("{2150E333-8FDC-42A3-9474-1A3956D46DE8}") = "Modules", "Modules", "{5CAEF41E-0411-4E4F-87E1-2A59C7CE55C9}"
EndProject
Project("{2150E333-8FDC-42A3-9474-1A3956D46DE8}") = "Identity", "Identity", "{8726D718-2FDF-430B-BDF7-0D5A1CD27290}"
EndProject
Project("{FAE04EC0-301F-11D3-BF4B-00C04F79EFBC}") = "MosaicCRM.Modules.Identity.Domain", "src\MosaicCRM.Modules.Identity.Domain\MosaicCRM.Modules.Identity.Domain.csproj", "{35A65B6E-6E72-4580-A35A-3405CD2B2E24}"
EndProject
Project("{FAE04EC0-301F-11D3-BF4B-00C04F79EFBC}") = "MosaicCRM.Modules.Identity.Domain.Shared", "src\MosaicCRM.Modules.Identity.Domain.Shared\MosaicCRM.Modules.Identity.Domain.Shared.csproj", "{D0DE9B1B-A0E5-439B-A597-6EDEF0DC0A20}"
EndProject
Project("{FAE04EC0-301F-11D3-BF4B-00C04F79EFBC}") = "MosaicCRM.Modules.Identity", "src\MosaicCRM.Modules.Identity\MosaicCRM.Modules.Identity.csproj", "{7746345C-C6F0-48F0-959A-6D87D7047E84}"
EndProject
Project("{FAE04EC0-301F-11D3-BF4B-00C04F79EFBC}") = "MosaicCRM.Modules.Identity.AspNetCore", "src\MosaicCRM.Modules.Identity.AspNetCore\MosaicCRM.Modules.Identity.AspNetCore.csproj", "{E8788792-DF75-491B-B54E-58E83ED9AACD}"
EndProject
Project("{FAE04EC0-301F-11D3-BF4B-00C04F79EFBC}") = "MosaicCRM.Modules.Identity.AspNetCore.Jwt", "src\MosaicCRM.Modules.Identity.AspNetCore.Jwt\MosaicCRM.Modules.Identity.AspNetCore.Jwt.csproj", "{62E3F11E-C343-494D-B0B2-E67832E349D6}"
EndProject
Project("{FAE04EC0-301F-11D3-BF4B-00C04F79EFBC}") = "MosaicCRM.Modules.Identity.Auth", "src\MosaicCRM.Modules.Identity.Auth\MosaicCRM.Modules.Identity.Auth.csproj", "{91FBE614-2FED-486B-B478-B850FF1CA1A9}"
EndProject
Global
	GlobalSection(SolutionConfigurationPlatforms) = preSolution
		Debug|Any CPU = Debug|Any CPU
		Release|Any CPU = Release|Any CPU
	EndGlobalSection
	GlobalSection(ProjectConfigurationPlatforms) = postSolution
		{536358E3-1708-4EEA-AC26-5B5BC9C2A5B1}.Debug|Any CPU.ActiveCfg = Debug|Any CPU
		{536358E3-1708-4EEA-AC26-5B5BC9C2A5B1}.Debug|Any CPU.Build.0 = Debug|Any CPU
		{536358E3-1708-4EEA-AC26-5B5BC9C2A5B1}.Release|Any CPU.ActiveCfg = Release|Any CPU
		{536358E3-1708-4EEA-AC26-5B5BC9C2A5B1}.Release|Any CPU.Build.0 = Release|Any CPU
		{DD2FF0E7-D169-46F7-AA44-CD738817788B}.Debug|Any CPU.ActiveCfg = Debug|Any CPU
		{DD2FF0E7-D169-46F7-AA44-CD738817788B}.Debug|Any CPU.Build.0 = Debug|Any CPU
		{DD2FF0E7-D169-46F7-AA44-CD738817788B}.Release|Any CPU.ActiveCfg = Release|Any CPU
		{DD2FF0E7-D169-46F7-AA44-CD738817788B}.Release|Any CPU.Build.0 = Release|Any CPU
		{0553BD7E-7396-424C-9655-4A889B28451D}.Debug|Any CPU.ActiveCfg = Debug|Any CPU
		{0553BD7E-7396-424C-9655-4A889B28451D}.Debug|Any CPU.Build.0 = Debug|Any CPU
		{0553BD7E-7396-424C-9655-4A889B28451D}.Release|Any CPU.ActiveCfg = Release|Any CPU
		{0553BD7E-7396-424C-9655-4A889B28451D}.Release|Any CPU.Build.0 = Release|Any CPU
		{8024BAB6-7A8E-4442-BACA-6ADEBB10F1A1}.Debug|Any CPU.ActiveCfg = Debug|Any CPU
		{8024BAB6-7A8E-4442-BACA-6ADEBB10F1A1}.Debug|Any CPU.Build.0 = Debug|Any CPU
		{8024BAB6-7A8E-4442-BACA-6ADEBB10F1A1}.Release|Any CPU.ActiveCfg = Release|Any CPU
		{8024BAB6-7A8E-4442-BACA-6ADEBB10F1A1}.Release|Any CPU.Build.0 = Release|Any CPU
		{AC7F7E9C-4E64-42D8-991D-6A586A7629CF}.Debug|Any CPU.ActiveCfg = Debug|Any CPU
		{AC7F7E9C-4E64-42D8-991D-6A586A7629CF}.Debug|Any CPU.Build.0 = Debug|Any CPU
		{AC7F7E9C-4E64-42D8-991D-6A586A7629CF}.Release|Any CPU.ActiveCfg = Release|Any CPU
		{AC7F7E9C-4E64-42D8-991D-6A586A7629CF}.Release|Any CPU.Build.0 = Release|Any CPU
		{26674974-8397-455E-9C69-24779B4ED6CC}.Debug|Any CPU.ActiveCfg = Debug|Any CPU
		{26674974-8397-455E-9C69-24779B4ED6CC}.Debug|Any CPU.Build.0 = Debug|Any CPU
		{26674974-8397-455E-9C69-24779B4ED6CC}.Release|Any CPU.ActiveCfg = Release|Any CPU
		{26674974-8397-455E-9C69-24779B4ED6CC}.Release|Any CPU.Build.0 = Release|Any CPU
		{40C75425-A935-4A43-BB96-AD131DD0DDB5}.Debug|Any CPU.ActiveCfg = Debug|Any CPU
		{40C75425-A935-4A43-BB96-AD131DD0DDB5}.Debug|Any CPU.Build.0 = Debug|Any CPU
		{40C75425-A935-4A43-BB96-AD131DD0DDB5}.Release|Any CPU.ActiveCfg = Release|Any CPU
		{40C75425-A935-4A43-BB96-AD131DD0DDB5}.Release|Any CPU.Build.0 = Release|Any CPU
		{B8F1CCBC-C78E-46D2-BC85-B562A097AB5C}.Debug|Any CPU.ActiveCfg = Debug|Any CPU
		{B8F1CCBC-C78E-46D2-BC85-B562A097AB5C}.Debug|Any CPU.Build.0 = Debug|Any CPU
		{B8F1CCBC-C78E-46D2-BC85-B562A097AB5C}.Release|Any CPU.ActiveCfg = Release|Any CPU
		{B8F1CCBC-C78E-46D2-BC85-B562A097AB5C}.Release|Any CPU.Build.0 = Release|Any CPU
		{E3BA2989-5334-4D78-A188-5A5E31E27B68}.Debug|Any CPU.ActiveCfg = Debug|Any CPU
		{E3BA2989-5334-4D78-A188-5A5E31E27B68}.Debug|Any CPU.Build.0 = Debug|Any CPU
		{E3BA2989-5334-4D78-A188-5A5E31E27B68}.Release|Any CPU.ActiveCfg = Release|Any CPU
		{E3BA2989-5334-4D78-A188-5A5E31E27B68}.Release|Any CPU.Build.0 = Release|Any CPU
		{4CEFEFEC-608E-48B3-A7FB-234B9E813C6E}.Debug|Any CPU.ActiveCfg = Debug|Any CPU
		{4CEFEFEC-608E-48B3-A7FB-234B9E813C6E}.Debug|Any CPU.Build.0 = Debug|Any CPU
		{4CEFEFEC-608E-48B3-A7FB-234B9E813C6E}.Release|Any CPU.ActiveCfg = Release|Any CPU
		{4CEFEFEC-608E-48B3-A7FB-234B9E813C6E}.Release|Any CPU.Build.0 = Release|Any CPU
		{FE3F1A23-1928-4487-A53B-1E31895E93D2}.Debug|Any CPU.ActiveCfg = Debug|Any CPU
		{FE3F1A23-1928-4487-A53B-1E31895E93D2}.Debug|Any CPU.Build.0 = Debug|Any CPU
		{FE3F1A23-1928-4487-A53B-1E31895E93D2}.Release|Any CPU.ActiveCfg = Release|Any CPU
		{FE3F1A23-1928-4487-A53B-1E31895E93D2}.Release|Any CPU.Build.0 = Release|Any CPU
		{49DB056F-E1CA-4081-8D1C-A49AB0E34748}.Debug|Any CPU.ActiveCfg = Debug|Any CPU
		{49DB056F-E1CA-4081-8D1C-A49AB0E34748}.Debug|Any CPU.Build.0 = Debug|Any CPU
		{49DB056F-E1CA-4081-8D1C-A49AB0E34748}.Release|Any CPU.ActiveCfg = Release|Any CPU
		{49DB056F-E1CA-4081-8D1C-A49AB0E34748}.Release|Any CPU.Build.0 = Release|Any CPU
		{76E2E77E-56F8-4D9F-B40E-1F8DFD8963A4}.Debug|Any CPU.ActiveCfg = Debug|Any CPU
		{76E2E77E-56F8-4D9F-B40E-1F8DFD8963A4}.Debug|Any CPU.Build.0 = Debug|Any CPU
		{76E2E77E-56F8-4D9F-B40E-1F8DFD8963A4}.Release|Any CPU.ActiveCfg = Release|Any CPU
		{76E2E77E-56F8-4D9F-B40E-1F8DFD8963A4}.Release|Any CPU.Build.0 = Release|Any CPU
		{A2299F0C-ACAD-4EB7-821E-D93E5D91C5D7}.Debug|Any CPU.ActiveCfg = Debug|Any CPU
		{A2299F0C-ACAD-4EB7-821E-D93E5D91C5D7}.Debug|Any CPU.Build.0 = Debug|Any CPU
		{A2299F0C-ACAD-4EB7-821E-D93E5D91C5D7}.Release|Any CPU.ActiveCfg = Release|Any CPU
		{A2299F0C-ACAD-4EB7-821E-D93E5D91C5D7}.Release|Any CPU.Build.0 = Release|Any CPU
		{F6E8F76F-7336-4B41-BA8E-D90CFD39CE60}.Debug|Any CPU.ActiveCfg = Debug|Any CPU
		{F6E8F76F-7336-4B41-BA8E-D90CFD39CE60}.Debug|Any CPU.Build.0 = Debug|Any CPU
		{F6E8F76F-7336-4B41-BA8E-D90CFD39CE60}.Release|Any CPU.ActiveCfg = Release|Any CPU
		{F6E8F76F-7336-4B41-BA8E-D90CFD39CE60}.Release|Any CPU.Build.0 = Release|Any CPU
		{EEB48E1C-A69F-45F9-81A3-F0AB43B852E3}.Debug|Any CPU.ActiveCfg = Debug|Any CPU
		{EEB48E1C-A69F-45F9-81A3-F0AB43B852E3}.Debug|Any CPU.Build.0 = Debug|Any CPU
		{EEB48E1C-A69F-45F9-81A3-F0AB43B852E3}.Release|Any CPU.ActiveCfg = Release|Any CPU
		{EEB48E1C-A69F-45F9-81A3-F0AB43B852E3}.Release|Any CPU.Build.0 = Release|Any CPU
		{C449BCB2-A027-416B-A519-9F9724C16269}.Debug|Any CPU.ActiveCfg = Debug|Any CPU
		{C449BCB2-A027-416B-A519-9F9724C16269}.Debug|Any CPU.Build.0 = Debug|Any CPU
		{C449BCB2-A027-416B-A519-9F9724C16269}.Release|Any CPU.ActiveCfg = Release|Any CPU
		{C449BCB2-A027-416B-A519-9F9724C16269}.Release|Any CPU.Build.0 = Release|Any CPU
		{EF0CFAF0-D7C4-4817-90FF-C9F292AA6D6F}.Debug|Any CPU.ActiveCfg = Debug|Any CPU
		{EF0CFAF0-D7C4-4817-90FF-C9F292AA6D6F}.Debug|Any CPU.Build.0 = Debug|Any CPU
		{EF0CFAF0-D7C4-4817-90FF-C9F292AA6D6F}.Release|Any CPU.ActiveCfg = Release|Any CPU
		{EF0CFAF0-D7C4-4817-90FF-C9F292AA6D6F}.Release|Any CPU.Build.0 = Release|Any CPU
		{24E4D5B1-0EF1-4436-BD8B-DB992B444B35}.Debug|Any CPU.ActiveCfg = Debug|Any CPU
		{24E4D5B1-0EF1-4436-BD8B-DB992B444B35}.Debug|Any CPU.Build.0 = Debug|Any CPU
		{24E4D5B1-0EF1-4436-BD8B-DB992B444B35}.Release|Any CPU.ActiveCfg = Release|Any CPU
		{24E4D5B1-0EF1-4436-BD8B-DB992B444B35}.Release|Any CPU.Build.0 = Release|Any CPU
		{22E0783E-9B9D-4476-AF9A-3D255F7961F4}.Debug|Any CPU.ActiveCfg = Debug|Any CPU
		{22E0783E-9B9D-4476-AF9A-3D255F7961F4}.Debug|Any CPU.Build.0 = Debug|Any CPU
		{22E0783E-9B9D-4476-AF9A-3D255F7961F4}.Release|Any CPU.ActiveCfg = Release|Any CPU
		{22E0783E-9B9D-4476-AF9A-3D255F7961F4}.Release|Any CPU.Build.0 = Release|Any CPU
		{1220EFB2-6A42-4153-8EE9-1902D59693F5}.Debug|Any CPU.ActiveCfg = Debug|Any CPU
		{1220EFB2-6A42-4153-8EE9-1902D59693F5}.Debug|Any CPU.Build.0 = Debug|Any CPU
		{1220EFB2-6A42-4153-8EE9-1902D59693F5}.Release|Any CPU.ActiveCfg = Release|Any CPU
		{1220EFB2-6A42-4153-8EE9-1902D59693F5}.Release|Any CPU.Build.0 = Release|Any CPU
		{35A65B6E-6E72-4580-A35A-3405CD2B2E24}.Debug|Any CPU.ActiveCfg = Debug|Any CPU
		{35A65B6E-6E72-4580-A35A-3405CD2B2E24}.Debug|Any CPU.Build.0 = Debug|Any CPU
		{35A65B6E-6E72-4580-A35A-3405CD2B2E24}.Release|Any CPU.ActiveCfg = Release|Any CPU
		{35A65B6E-6E72-4580-A35A-3405CD2B2E24}.Release|Any CPU.Build.0 = Release|Any CPU
		{D0DE9B1B-A0E5-439B-A597-6EDEF0DC0A20}.Debug|Any CPU.ActiveCfg = Debug|Any CPU
		{D0DE9B1B-A0E5-439B-A597-6EDEF0DC0A20}.Debug|Any CPU.Build.0 = Debug|Any CPU
		{D0DE9B1B-A0E5-439B-A597-6EDEF0DC0A20}.Release|Any CPU.ActiveCfg = Release|Any CPU
		{D0DE9B1B-A0E5-439B-A597-6EDEF0DC0A20}.Release|Any CPU.Build.0 = Release|Any CPU
		{7746345C-C6F0-48F0-959A-6D87D7047E84}.Debug|Any CPU.ActiveCfg = Debug|Any CPU
		{7746345C-C6F0-48F0-959A-6D87D7047E84}.Debug|Any CPU.Build.0 = Debug|Any CPU
		{7746345C-C6F0-48F0-959A-6D87D7047E84}.Release|Any CPU.ActiveCfg = Release|Any CPU
		{7746345C-C6F0-48F0-959A-6D87D7047E84}.Release|Any CPU.Build.0 = Release|Any CPU
		{E8788792-DF75-491B-B54E-58E83ED9AACD}.Debug|Any CPU.ActiveCfg = Debug|Any CPU
		{E8788792-DF75-491B-B54E-58E83ED9AACD}.Debug|Any CPU.Build.0 = Debug|Any CPU
		{E8788792-DF75-491B-B54E-58E83ED9AACD}.Release|Any CPU.ActiveCfg = Release|Any CPU
		{E8788792-DF75-491B-B54E-58E83ED9AACD}.Release|Any CPU.Build.0 = Release|Any CPU
		{62E3F11E-C343-494D-B0B2-E67832E349D6}.Debug|Any CPU.ActiveCfg = Debug|Any CPU
		{62E3F11E-C343-494D-B0B2-E67832E349D6}.Debug|Any CPU.Build.0 = Debug|Any CPU
		{62E3F11E-C343-494D-B0B2-E67832E349D6}.Release|Any CPU.ActiveCfg = Release|Any CPU
		{62E3F11E-C343-494D-B0B2-E67832E349D6}.Release|Any CPU.Build.0 = Release|Any CPU
		{91FBE614-2FED-486B-B478-B850FF1CA1A9}.Debug|Any CPU.ActiveCfg = Debug|Any CPU
		{91FBE614-2FED-486B-B478-B850FF1CA1A9}.Debug|Any CPU.Build.0 = Debug|Any CPU
		{91FBE614-2FED-486B-B478-B850FF1CA1A9}.Release|Any CPU.ActiveCfg = Release|Any CPU
		{91FBE614-2FED-486B-B478-B850FF1CA1A9}.Release|Any CPU.Build.0 = Release|Any CPU
	EndGlobalSection
	GlobalSection(NestedProjects) = preSolution
		{8726D718-2FDF-430B-BDF7-0D5A1CD27290} = {5CAEF41E-0411-4E4F-87E1-2A59C7CE55C9}
		{35A65B6E-6E72-4580-A35A-3405CD2B2E24} = {8726D718-2FDF-430B-BDF7-0D5A1CD27290}
		{D0DE9B1B-A0E5-439B-A597-6EDEF0DC0A20} = {8726D718-2FDF-430B-BDF7-0D5A1CD27290}
		{7746345C-C6F0-48F0-959A-6D87D7047E84} = {8726D718-2FDF-430B-BDF7-0D5A1CD27290}
		{E8788792-DF75-491B-B54E-58E83ED9AACD} = {8726D718-2FDF-430B-BDF7-0D5A1CD27290}
		{62E3F11E-C343-494D-B0B2-E67832E349D6} = {8726D718-2FDF-430B-BDF7-0D5A1CD27290}
		{91FBE614-2FED-486B-B478-B850FF1CA1A9} = {8726D718-2FDF-430B-BDF7-0D5A1CD27290}
	EndGlobalSection
EndGlobal
