
Microsoft Visual Studio Solution File, Format Version 12.00
Project("{FAE04EC0-301F-11D3-BF4B-00C04F79EFBC}") = "MosaicCRM.Core", "src\MosaicCRM.Core\MosaicCRM.Core.csproj", "{536358E3-1708-4EEA-AC26-5B5BC9C2A5B1}"
EndProject
Project("{FAE04EC0-301F-11D3-BF4B-00C04F79EFBC}") = "MosaicCrm.Generators.Core", "src\MosaicCrm.Generators.Core\MosaicCrm.Generators.Core.csproj", "{DD2FF0E7-D169-46F7-AA44-CD738817788B}"
EndProject
Project("{FAE04EC0-301F-11D3-BF4B-00C04F79EFBC}") = "MosaicCrm.Generators.Application", "src\MosaicCrm.Generators.Application\MosaicCrm.Generators.Application.csproj", "{0553BD7E-7396-424C-9655-4A889B28451D}"
EndProject
Project("{FAE04EC0-301F-11D3-BF4B-00C04F79EFBC}") = "MosaicCRM.Generators.Module", "src\MosaicCRM.Generators.Module\MosaicCRM.Generators.Module.csproj", "{8024BAB6-7A8E-4442-BACA-6ADEBB10F1A1}"
EndProject
Project("{FAE04EC0-301F-11D3-BF4B-00C04F79EFBC}") = "MosaicCRM.Domain", "src\MosaicCRM.Domain\MosaicCRM.Domain.csproj", "{AC7F7E9C-4E64-42D8-991D-6A586A7629CF}"
EndProject
Project("{FAE04EC0-301F-11D3-BF4B-00C04F79EFBC}") = "MosaicCRM.EntityFramework", "src\MosaicCRM.EntityFramework\MosaicCRM.EntityFramework.csproj", "{26674974-8397-455E-9C69-24779B4ED6CC}"
EndProject
Project("{FAE04EC0-301F-11D3-BF4B-00C04F79EFBC}") = "MosaicCRM.Core.DataAccess", "src\MosaicCRM.Core.DataAccess\MosaicCRM.Core.DataAccess.csproj", "{40C75425-A935-4A43-BB96-AD131DD0DDB5}"
EndProject
Project("{FAE04EC0-301F-11D3-BF4B-00C04F79EFBC}") = "MosaicCRM.OpenApi", "src\MosaicCRM.OpenApi\MosaicCRM.OpenApi.csproj", "{B8F1CCBC-C78E-46D2-BC85-B562A097AB5C}"
EndProject
Project("{FAE04EC0-301F-11D3-BF4B-00C04F79EFBC}") = "MosaicCRM.AspNetCore", "src\MosaicCRM.AspNetCore\MosaicCRM.AspNetCore.csproj", "{E3BA2989-5334-4D78-A188-5A5E31E27B68}"
EndProject
Project("{FAE04EC0-301F-11D3-BF4B-00C04F79EFBC}") = "MosaicCRM.Security", "src\MosaicCRM.Security\MosaicCRM.Security.csproj", "{4CEFEFEC-608E-48B3-A7FB-234B9E813C6E}"
EndProject
Project("{FAE04EC0-301F-11D3-BF4B-00C04F79EFBC}") = "MosaicCRM.Scalar", "src\MosaicCRM.Scalar\MosaicCRM.Scalar.csproj", "{FE3F1A23-1928-4487-A53B-1E31895E93D2}"
EndProject
Global
	GlobalSection(SolutionConfigurationPlatforms) = preSolution
		Debug|Any CPU = Debug|Any CPU
		Release|Any CPU = Release|Any CPU
	EndGlobalSection
	GlobalSection(ProjectConfigurationPlatforms) = postSolution
		{536358E3-1708-4EEA-AC26-5B5BC9C2A5B1}.Debug|Any CPU.ActiveCfg = Debug|Any CPU
		{536358E3-1708-4EEA-AC26-5B5BC9C2A5B1}.Debug|Any CPU.Build.0 = Debug|Any CPU
		{536358E3-1708-4EEA-AC26-5B5BC9C2A5B1}.Release|Any CPU.ActiveCfg = Release|Any CPU
		{536358E3-1708-4EEA-AC26-5B5BC9C2A5B1}.Release|Any CPU.Build.0 = Release|Any CPU
		{DD2FF0E7-D169-46F7-AA44-CD738817788B}.Debug|Any CPU.ActiveCfg = Debug|Any CPU
		{DD2FF0E7-D169-46F7-AA44-CD738817788B}.Debug|Any CPU.Build.0 = Debug|Any CPU
		{DD2FF0E7-D169-46F7-AA44-CD738817788B}.Release|Any CPU.ActiveCfg = Release|Any CPU
		{DD2FF0E7-D169-46F7-AA44-CD738817788B}.Release|Any CPU.Build.0 = Release|Any CPU
		{0553BD7E-7396-424C-9655-4A889B28451D}.Debug|Any CPU.ActiveCfg = Debug|Any CPU
		{0553BD7E-7396-424C-9655-4A889B28451D}.Debug|Any CPU.Build.0 = Debug|Any CPU
		{0553BD7E-7396-424C-9655-4A889B28451D}.Release|Any CPU.ActiveCfg = Release|Any CPU
		{0553BD7E-7396-424C-9655-4A889B28451D}.Release|Any CPU.Build.0 = Release|Any CPU
		{8024BAB6-7A8E-4442-BACA-6ADEBB10F1A1}.Debug|Any CPU.ActiveCfg = Debug|Any CPU
		{8024BAB6-7A8E-4442-BACA-6ADEBB10F1A1}.Debug|Any CPU.Build.0 = Debug|Any CPU
		{8024BAB6-7A8E-4442-BACA-6ADEBB10F1A1}.Release|Any CPU.ActiveCfg = Release|Any CPU
		{8024BAB6-7A8E-4442-BACA-6ADEBB10F1A1}.Release|Any CPU.Build.0 = Release|Any CPU
		{AC7F7E9C-4E64-42D8-991D-6A586A7629CF}.Debug|Any CPU.ActiveCfg = Debug|Any CPU
		{AC7F7E9C-4E64-42D8-991D-6A586A7629CF}.Debug|Any CPU.Build.0 = Debug|Any CPU
		{AC7F7E9C-4E64-42D8-991D-6A586A7629CF}.Release|Any CPU.ActiveCfg = Release|Any CPU
		{AC7F7E9C-4E64-42D8-991D-6A586A7629CF}.Release|Any CPU.Build.0 = Release|Any CPU
		{26674974-8397-455E-9C69-24779B4ED6CC}.Debug|Any CPU.ActiveCfg = Debug|Any CPU
		{26674974-8397-455E-9C69-24779B4ED6CC}.Debug|Any CPU.Build.0 = Debug|Any CPU
		{26674974-8397-455E-9C69-24779B4ED6CC}.Release|Any CPU.ActiveCfg = Release|Any CPU
		{26674974-8397-455E-9C69-24779B4ED6CC}.Release|Any CPU.Build.0 = Release|Any CPU
		{40C75425-A935-4A43-BB96-AD131DD0DDB5}.Debug|Any CPU.ActiveCfg = Debug|Any CPU
		{40C75425-A935-4A43-BB96-AD131DD0DDB5}.Debug|Any CPU.Build.0 = Debug|Any CPU
		{40C75425-A935-4A43-BB96-AD131DD0DDB5}.Release|Any CPU.ActiveCfg = Release|Any CPU
		{40C75425-A935-4A43-BB96-AD131DD0DDB5}.Release|Any CPU.Build.0 = Release|Any CPU
		{B8F1CCBC-C78E-46D2-BC85-B562A097AB5C}.Debug|Any CPU.ActiveCfg = Debug|Any CPU
		{B8F1CCBC-C78E-46D2-BC85-B562A097AB5C}.Debug|Any CPU.Build.0 = Debug|Any CPU
		{B8F1CCBC-C78E-46D2-BC85-B562A097AB5C}.Release|Any CPU.ActiveCfg = Release|Any CPU
		{B8F1CCBC-C78E-46D2-BC85-B562A097AB5C}.Release|Any CPU.Build.0 = Release|Any CPU
		{E3BA2989-5334-4D78-A188-5A5E31E27B68}.Debug|Any CPU.ActiveCfg = Debug|Any CPU
		{E3BA2989-5334-4D78-A188-5A5E31E27B68}.Debug|Any CPU.Build.0 = Debug|Any CPU
		{E3BA2989-5334-4D78-A188-5A5E31E27B68}.Release|Any CPU.ActiveCfg = Release|Any CPU
		{E3BA2989-5334-4D78-A188-5A5E31E27B68}.Release|Any CPU.Build.0 = Release|Any CPU
		{4CEFEFEC-608E-48B3-A7FB-234B9E813C6E}.Debug|Any CPU.ActiveCfg = Debug|Any CPU
		{4CEFEFEC-608E-48B3-A7FB-234B9E813C6E}.Debug|Any CPU.Build.0 = Debug|Any CPU
		{4CEFEFEC-608E-48B3-A7FB-234B9E813C6E}.Release|Any CPU.ActiveCfg = Release|Any CPU
		{4CEFEFEC-608E-48B3-A7FB-234B9E813C6E}.Release|Any CPU.Build.0 = Release|Any CPU
		{FE3F1A23-1928-4487-A53B-1E31895E93D2}.Debug|Any CPU.ActiveCfg = Debug|Any CPU
		{FE3F1A23-1928-4487-A53B-1E31895E93D2}.Debug|Any CPU.Build.0 = Debug|Any CPU
		{FE3F1A23-1928-4487-A53B-1E31895E93D2}.Release|Any CPU.ActiveCfg = Release|Any CPU
		{FE3F1A23-1928-4487-A53B-1E31895E93D2}.Release|Any CPU.Build.0 = Release|Any CPU
	EndGlobalSection
EndGlobal
